
Microsoft Visual Studio Solution File, Format Version 12.00
# Visual Studio Version 16
VisualStudioVersion = 16.0.31205.134
MinimumVisualStudioVersion = 10.0.40219.1
Project("{9A19103F-16F7-4668-BE54-9A1E7A4F7556}") = "API", "API\API.csproj", "{A782B0AA-FC58-493B-A58E-A562CCED350B}"
EndProject
Project("{FAE04EC0-301F-11D3-BF4B-00C04F79EFBC}") = "Application", "Application\Application.csproj", "{7B6F3E98-FCA0-42E0-8051-BC67C0D920A2}"
EndProject
Project("{FAE04EC0-301F-11D3-BF4B-00C04F79EFBC}") = "Domain", "Domain\Domain.csproj", "{0A799940-386C-4097-A044-534F45AA6619}"
EndProject
Project("{FAE04EC0-301F-11D3-BF4B-00C04F79EFBC}") = "Repository", "Repository\Repository.csproj", "{FFB1262D-5754-4D28-BAE2-0CF9C9D4296A}"
EndProject
Global
	GlobalSection(SolutionConfigurationPlatforms) = preSolution
		Debug|Any CPU = Debug|Any CPU
		Release|Any CPU = Release|Any CPU
	EndGlobalSection
	GlobalSection(ProjectConfigurationPlatforms) = postSolution
		{A782B0AA-FC58-493B-A58E-A562CCED350B}.Debug|Any CPU.ActiveCfg = Debug|Any CPU
		{A782B0AA-FC58-493B-A58E-A562CCED350B}.Debug|Any CPU.Build.0 = Debug|Any CPU
		{A782B0AA-FC58-493B-A58E-A562CCED350B}.Release|Any CPU.ActiveCfg = Release|Any CPU
		{A782B0AA-FC58-493B-A58E-A562CCED350B}.Release|Any CPU.Build.0 = Release|Any CPU
		{7B6F3E98-FCA0-42E0-8051-BC67C0D920A2}.Debug|Any CPU.ActiveCfg = Debug|Any CPU
		{7B6F3E98-FCA0-42E0-8051-BC67C0D920A2}.Debug|Any CPU.Build.0 = Debug|Any CPU
		{7B6F3E98-FCA0-42E0-8051-BC67C0D920A2}.Release|Any CPU.ActiveCfg = Release|Any CPU
		{7B6F3E98-FCA0-42E0-8051-BC67C0D920A2}.Release|Any CPU.Build.0 = Release|Any CPU
		{0A799940-386C-4097-A044-534F45AA6619}.Debug|Any CPU.ActiveCfg = Debug|Any CPU
		{0A799940-386C-4097-A044-534F45AA6619}.Debug|Any CPU.Build.0 = Debug|Any CPU
		{0A799940-386C-4097-A044-534F45AA6619}.Release|Any CPU.ActiveCfg = Release|Any CPU
		{0A799940-386C-4097-A044-534F45AA6619}.Release|Any CPU.Build.0 = Release|Any CPU
		{FFB1262D-5754-4D28-BAE2-0CF9C9D4296A}.Debug|Any CPU.ActiveCfg = Debug|Any CPU
		{FFB1262D-5754-4D28-BAE2-0CF9C9D4296A}.Debug|Any CPU.Build.0 = Debug|Any CPU
		{FFB1262D-5754-4D28-BAE2-0CF9C9D4296A}.Release|Any CPU.ActiveCfg = Release|Any CPU
		{FFB1262D-5754-4D28-BAE2-0CF9C9D4296A}.Release|Any CPU.Build.0 = Release|Any CPU
	EndGlobalSection
	GlobalSection(SolutionProperties) = preSolution
		HideSolutionNode = FALSE
	EndGlobalSection
	GlobalSection(ExtensibilityGlobals) = postSolution
		SolutionGuid = {FDBF0B25-A74F-477D-850F-CF75DBF6D8AF}
	EndGlobalSection
EndGlobal
